
Microsoft Visual Studio Solution File, Format Version 12.00
# Visual Studio Version 17
VisualStudioVersion = 17.10.35013.160
MinimumVisualStudioVersion = 10.0.40219.1
Project("{FAE04EC0-301F-11D3-BF4B-00C04F79EFBC}") = "MPI_DFS_LFS", "MPI_DFS_LFS.csproj", "{2B488D17-CCF4-4538-89F2-3E5F9D1583C3}"
EndProject
Global
	GlobalSection(SolutionConfigurationPlatforms) = preSolution
		Debug|Any CPU = Debug|Any CPU
		Release|Any CPU = Release|Any CPU
	EndGlobalSection
	GlobalSection(ProjectConfigurationPlatforms) = postSolution
		{2B488D17-CCF4-4538-89F2-3E5F9D1583C3}.Debug|Any CPU.ActiveCfg = Debug|Any CPU
		{2B488D17-CCF4-4538-89F2-3E5F9D1583C3}.Debug|Any CPU.Build.0 = Debug|Any CPU
		{2B488D17-CCF4-4538-89F2-3E5F9D1583C3}.Release|Any CPU.ActiveCfg = Release|Any CPU
		{2B488D17-CCF4-4538-89F2-3E5F9D1583C3}.Release|Any CPU.Build.0 = Release|Any CPU
	EndGlobalSection
	GlobalSection(SolutionProperties) = preSolution
		HideSolutionNode = FALSE
	EndGlobalSection
	GlobalSection(ExtensibilityGlobals) = postSolution
		SolutionGuid = {DB42FA57-B770-4E99-949E-8FC7F2773A7F}
	EndGlobalSection
EndGlobal
